PODS:
  - Flutter (1.0.0)
  - flutter_meiqia (0.0.1):
    - Flutter
    - Meiqia (~> 3.8.4)
  - Meiqia (3.8.4):
    - Meiqia/MeiqiaSDK (= 3.8.4)
    - Meiqia/MQChatViewController (= 3.8.4)
  - Meiqia/MeiqiaSDK (3.8.4)
  - Meiqia/MQChatViewController (3.8.4):
    - Meiqia/MeiqiaSDK

DEPENDENCIES:
  - Flutter (from `Flutter`)
  - flutter_meiqia (from `.symlinks/plugins/flutter_meiqia/ios`)

SPEC REPOS:
  trunk:
    - Meiqia

EXTERNAL SOURCES:
  Flutter:
    :path: Flutter
  flutter_meiqia:
    :path: ".symlinks/plugins/flutter_meiqia/ios"

SPEC CHECKSUMS:
  Flutter: f04841e97a9d0b0a8025694d0796dd46242b2854
  flutter_meiqia: b8d26a72516541db2911901119a6cd374c41878b
  Meiqia: 2d71b263c483fbc16ac3b335661f2df18b5bcad4

PODFILE CHECKSUM: 663715e941f9adb426e33bf9376914006f9ea95b

COCOAPODS: 1.11.3
